{
  "name": "tameike-api-cloudflare-worker",
  "lockfileVersion": 3,
  "requires": true,
  "packages": {
    "": {
      "dependencies": {
        "@cloudflare/containers": "latest"
      },
      "devDependencies": {
        "@cloudflare/workers-types": "latest",
        "typescript": "latest",
        "wrangler": "latest"
      }
    }
  }
}
